
Microsoft Visual Studio Solution File, Format Version 12.00
# Visual Studio Version 17
VisualStudioVersion = 17.6.33815.320
MinimumVisualStudioVersion = 10.0.40219.1
Project("{9A19103F-16F7-4668-BE54-9A1E7A4F7556}") = "kjwProgram", "kjwProgram.csproj", "{861A76AC-E4BD-4B01-8E4E-7F2FA9700861}"
EndProject
Project("{9A19103F-16F7-4668-BE54-9A1E7A4F7556}") = "kjwClass1st", "..\kjwFist_Class\kjwClass1st.csproj", "{4EC038F9-BF23-4E21-A492-3C53BFBB7094}"
EndProject
Project("{9A19103F-16F7-4668-BE54-9A1E7A4F7556}") = "kjwClass2nd", "..\kjwSecond_Class\kjwClass2nd.csproj", "{DFE375B4-FBB1-4628-9303-E781A66BCB55}"
EndProject
Project("{FAE04EC0-301F-11D3-BF4B-00C04F79EFBC}") = "kjwClass3th", "..\kjwClass3th\kjwClass3th.csproj", "{7364F2FF-D2B8-434B-89D9-AA6B6C0EE755}"
EndProject
Global
	GlobalSection(SolutionConfigurationPlatforms) = preSolution
		Debug|Any CPU = Debug|Any CPU
		Release|Any CPU = Release|Any CPU
	EndGlobalSection
	GlobalSection(ProjectConfigurationPlatforms) = postSolution
		{861A76AC-E4BD-4B01-8E4E-7F2FA9700861}.Debug|Any CPU.ActiveCfg = Debug|Any CPU
		{861A76AC-E4BD-4B01-8E4E-7F2FA9700861}.Debug|Any CPU.Build.0 = Debug|Any CPU
		{861A76AC-E4BD-4B01-8E4E-7F2FA9700861}.Release|Any CPU.ActiveCfg = Release|Any CPU
		{861A76AC-E4BD-4B01-8E4E-7F2FA9700861}.Release|Any CPU.Build.0 = Release|Any CPU
		{4EC038F9-BF23-4E21-A492-3C53BFBB7094}.Debug|Any CPU.ActiveCfg = Debug|Any CPU
		{4EC038F9-BF23-4E21-A492-3C53BFBB7094}.Debug|Any CPU.Build.0 = Debug|Any CPU
		{4EC038F9-BF23-4E21-A492-3C53BFBB7094}.Release|Any CPU.ActiveCfg = Release|Any CPU
		{4EC038F9-BF23-4E21-A492-3C53BFBB7094}.Release|Any CPU.Build.0 = Release|Any CPU
		{DFE375B4-FBB1-4628-9303-E781A66BCB55}.Debug|Any CPU.ActiveCfg = Debug|Any CPU
		{DFE375B4-FBB1-4628-9303-E781A66BCB55}.Debug|Any CPU.Build.0 = Debug|Any CPU
		{DFE375B4-FBB1-4628-9303-E781A66BCB55}.Release|Any CPU.ActiveCfg = Release|Any CPU
		{DFE375B4-FBB1-4628-9303-E781A66BCB55}.Release|Any CPU.Build.0 = Release|Any CPU
		{7364F2FF-D2B8-434B-89D9-AA6B6C0EE755}.Debug|Any CPU.ActiveCfg = Debug|Any CPU
		{7364F2FF-D2B8-434B-89D9-AA6B6C0EE755}.Debug|Any CPU.Build.0 = Debug|Any CPU
		{7364F2FF-D2B8-434B-89D9-AA6B6C0EE755}.Release|Any CPU.ActiveCfg = Release|Any CPU
		{7364F2FF-D2B8-434B-89D9-AA6B6C0EE755}.Release|Any CPU.Build.0 = Release|Any CPU
	EndGlobalSection
	GlobalSection(SolutionProperties) = preSolution
		HideSolutionNode = FALSE
	EndGlobalSection
	GlobalSection(ExtensibilityGlobals) = postSolution
		SolutionGuid = {137FAF66-2630-4C9C-A1DE-CCC4658FC81D}
	EndGlobalSection
EndGlobal
