
Microsoft Visual Studio Solution File, Format Version 12.00
# Visual Studio Version 17
VisualStudioVersion = 17.6.33815.320
MinimumVisualStudioVersion = 10.0.40219.1
Project("{9A19103F-16F7-4668-BE54-9A1E7A4F7556}") = "kjwProgram", "kjwProgram.csproj", "{861A76AC-E4BD-4B01-8E4E-7F2FA9700861}"
EndProject
Project("{9A19103F-16F7-4668-BE54-9A1E7A4F7556}") = "kjwClass1st", "..\kjwClass1st\kjwClass1st.csproj", "{4EC038F9-BF23-4E21-A492-3C53BFBB7094}"
EndProject
Project("{9A19103F-16F7-4668-BE54-9A1E7A4F7556}") = "kjwClass2nd", "..\kjwClass2nd\kjwClass2nd.csproj", "{DFE375B4-FBB1-4628-9303-E781A66BCB55}"
EndProject
Project("{9A19103F-16F7-4668-BE54-9A1E7A4F7556}") = "kjwClass3rd", "..\kjwClass3rd\kjwClass3rd.csproj", "{7364F2FF-D2B8-434B-89D9-AA6B6C0EE755}"
EndProject
Project("{9A19103F-16F7-4668-BE54-9A1E7A4F7556}") = "kjwClass4th", "..\kjwClass4th\kjwClass4th.csproj", "{213DF2B0-2FAB-4DE3-B255-EA7BFB9FDB08}"
EndProject
Project("{9A19103F-16F7-4668-BE54-9A1E7A4F7556}") = "kjwClass5th", "..\kjwClass5th\kjwClass5th.csproj", "{D9800A71-0072-4139-863B-7B771C639450}"
EndProject
Project("{9A19103F-16F7-4668-BE54-9A1E7A4F7556}") = "kjwClass6th", "..\kjwClass6th\kjwClass6th.csproj", "{85ED53DB-93BB-47AA-A622-24B5733D0567}"
EndProject
Project("{9A19103F-16F7-4668-BE54-9A1E7A4F7556}") = "kjwClass7th", "..\kjwClass7th\kjwClass7th.csproj", "{CF1FC303-8E09-4C91-B0C2-E26282FBBA99}"
EndProject
Project("{9A19103F-16F7-4668-BE54-9A1E7A4F7556}") = "kjwClass8th", "..\kjwClass8th\kjwClass8th.csproj", "{898D6FC6-CCB4-4F3D-8FCB-E59965F75BC9}"
EndProject
Project("{9A19103F-16F7-4668-BE54-9A1E7A4F7556}") = "kjwClass9th", "..\kjwClass9th\kjwClass9th.csproj", "{8EC4A264-DD70-45D8-AFC8-A068056A8AD8}"
EndProject
Project("{9A19103F-16F7-4668-BE54-9A1E7A4F7556}") = "kjwClass10th", "..\kjwClass10th\kjwClass10th.csproj", "{3E98102D-1D9F-4ECE-80AA-8EC66C866928}"
EndProject
Project("{9A19103F-16F7-4668-BE54-9A1E7A4F7556}") = "kjwClass11th", "..\kjwClass11th\kjwClass11th.csproj", "{8E2A411B-DF7F-48DA-92C5-363A6693842D}"
EndProject
Project("{9A19103F-16F7-4668-BE54-9A1E7A4F7556}") = "kjwClass12th", "..\kjwClass12th\kjwClass12th.csproj", "{E0A9C692-930D-487F-8784-F315CD6433F7}"
EndProject
Project("{9A19103F-16F7-4668-BE54-9A1E7A4F7556}") = "kjwClass13th", "..\kjwClass13th\kjwClass13th.csproj", "{6AFCD685-C062-49CA-90D2-46BE066698A0}"
EndProject
Project("{FAE04EC0-301F-11D3-BF4B-00C04F79EFBC}") = "kjwClass14th", "..\kjwClass14th\kjwClass14th.csproj", "{A706C850-CC1D-4951-AAEB-555ECBACBBB6}"
EndProject
Global
	GlobalSection(SolutionConfigurationPlatforms) = preSolution
		Debug|Any CPU = Debug|Any CPU
		Release|Any CPU = Release|Any CPU
	EndGlobalSection
	GlobalSection(ProjectConfigurationPlatforms) = postSolution
		{861A76AC-E4BD-4B01-8E4E-7F2FA9700861}.Debug|Any CPU.ActiveCfg = Debug|Any CPU
		{861A76AC-E4BD-4B01-8E4E-7F2FA9700861}.Debug|Any CPU.Build.0 = Debug|Any CPU
		{861A76AC-E4BD-4B01-8E4E-7F2FA9700861}.Release|Any CPU.ActiveCfg = Release|Any CPU
		{861A76AC-E4BD-4B01-8E4E-7F2FA9700861}.Release|Any CPU.Build.0 = Release|Any CPU
		{4EC038F9-BF23-4E21-A492-3C53BFBB7094}.Debug|Any CPU.ActiveCfg = Debug|Any CPU
		{4EC038F9-BF23-4E21-A492-3C53BFBB7094}.Debug|Any CPU.Build.0 = Debug|Any CPU
		{4EC038F9-BF23-4E21-A492-3C53BFBB7094}.Release|Any CPU.ActiveCfg = Release|Any CPU
		{4EC038F9-BF23-4E21-A492-3C53BFBB7094}.Release|Any CPU.Build.0 = Release|Any CPU
		{DFE375B4-FBB1-4628-9303-E781A66BCB55}.Debug|Any CPU.ActiveCfg = Debug|Any CPU
		{DFE375B4-FBB1-4628-9303-E781A66BCB55}.Debug|Any CPU.Build.0 = Debug|Any CPU
		{DFE375B4-FBB1-4628-9303-E781A66BCB55}.Release|Any CPU.ActiveCfg = Release|Any CPU
		{DFE375B4-FBB1-4628-9303-E781A66BCB55}.Release|Any CPU.Build.0 = Release|Any CPU
		{7364F2FF-D2B8-434B-89D9-AA6B6C0EE755}.Debug|Any CPU.ActiveCfg = Debug|Any CPU
		{7364F2FF-D2B8-434B-89D9-AA6B6C0EE755}.Debug|Any CPU.Build.0 = Debug|Any CPU
		{7364F2FF-D2B8-434B-89D9-AA6B6C0EE755}.Release|Any CPU.ActiveCfg = Release|Any CPU
		{7364F2FF-D2B8-434B-89D9-AA6B6C0EE755}.Release|Any CPU.Build.0 = Release|Any CPU
		{213DF2B0-2FAB-4DE3-B255-EA7BFB9FDB08}.Debug|Any CPU.ActiveCfg = Debug|Any CPU
		{213DF2B0-2FAB-4DE3-B255-EA7BFB9FDB08}.Debug|Any CPU.Build.0 = Debug|Any CPU
		{213DF2B0-2FAB-4DE3-B255-EA7BFB9FDB08}.Release|Any CPU.ActiveCfg = Release|Any CPU
		{213DF2B0-2FAB-4DE3-B255-EA7BFB9FDB08}.Release|Any CPU.Build.0 = Release|Any CPU
		{D9800A71-0072-4139-863B-7B771C639450}.Debug|Any CPU.ActiveCfg = Debug|Any CPU
		{D9800A71-0072-4139-863B-7B771C639450}.Debug|Any CPU.Build.0 = Debug|Any CPU
		{D9800A71-0072-4139-863B-7B771C639450}.Release|Any CPU.ActiveCfg = Release|Any CPU
		{D9800A71-0072-4139-863B-7B771C639450}.Release|Any CPU.Build.0 = Release|Any CPU
		{85ED53DB-93BB-47AA-A622-24B5733D0567}.Debug|Any CPU.ActiveCfg = Debug|Any CPU
		{85ED53DB-93BB-47AA-A622-24B5733D0567}.Debug|Any CPU.Build.0 = Debug|Any CPU
		{85ED53DB-93BB-47AA-A622-24B5733D0567}.Release|Any CPU.ActiveCfg = Release|Any CPU
		{85ED53DB-93BB-47AA-A622-24B5733D0567}.Release|Any CPU.Build.0 = Release|Any CPU
		{CF1FC303-8E09-4C91-B0C2-E26282FBBA99}.Debug|Any CPU.ActiveCfg = Debug|Any CPU
		{CF1FC303-8E09-4C91-B0C2-E26282FBBA99}.Debug|Any CPU.Build.0 = Debug|Any CPU
		{CF1FC303-8E09-4C91-B0C2-E26282FBBA99}.Release|Any CPU.ActiveCfg = Release|Any CPU
		{CF1FC303-8E09-4C91-B0C2-E26282FBBA99}.Release|Any CPU.Build.0 = Release|Any CPU
		{898D6FC6-CCB4-4F3D-8FCB-E59965F75BC9}.Debug|Any CPU.ActiveCfg = Debug|Any CPU
		{898D6FC6-CCB4-4F3D-8FCB-E59965F75BC9}.Debug|Any CPU.Build.0 = Debug|Any CPU
		{898D6FC6-CCB4-4F3D-8FCB-E59965F75BC9}.Release|Any CPU.ActiveCfg = Release|Any CPU
		{898D6FC6-CCB4-4F3D-8FCB-E59965F75BC9}.Release|Any CPU.Build.0 = Release|Any CPU
		{8EC4A264-DD70-45D8-AFC8-A068056A8AD8}.Debug|Any CPU.ActiveCfg = Debug|Any CPU
		{8EC4A264-DD70-45D8-AFC8-A068056A8AD8}.Debug|Any CPU.Build.0 = Debug|Any CPU
		{8EC4A264-DD70-45D8-AFC8-A068056A8AD8}.Release|Any CPU.ActiveCfg = Release|Any CPU
		{8EC4A264-DD70-45D8-AFC8-A068056A8AD8}.Release|Any CPU.Build.0 = Release|Any CPU
		{3E98102D-1D9F-4ECE-80AA-8EC66C866928}.Debug|Any CPU.ActiveCfg = Debug|Any CPU
		{3E98102D-1D9F-4ECE-80AA-8EC66C866928}.Debug|Any CPU.Build.0 = Debug|Any CPU
		{3E98102D-1D9F-4ECE-80AA-8EC66C866928}.Release|Any CPU.ActiveCfg = Release|Any CPU
		{3E98102D-1D9F-4ECE-80AA-8EC66C866928}.Release|Any CPU.Build.0 = Release|Any CPU
		{8E2A411B-DF7F-48DA-92C5-363A6693842D}.Debug|Any CPU.ActiveCfg = Debug|Any CPU
		{8E2A411B-DF7F-48DA-92C5-363A6693842D}.Debug|Any CPU.Build.0 = Debug|Any CPU
		{8E2A411B-DF7F-48DA-92C5-363A6693842D}.Release|Any CPU.ActiveCfg = Release|Any CPU
		{8E2A411B-DF7F-48DA-92C5-363A6693842D}.Release|Any CPU.Build.0 = Release|Any CPU
		{E0A9C692-930D-487F-8784-F315CD6433F7}.Debug|Any CPU.ActiveCfg = Debug|Any CPU
		{E0A9C692-930D-487F-8784-F315CD6433F7}.Debug|Any CPU.Build.0 = Debug|Any CPU
		{E0A9C692-930D-487F-8784-F315CD6433F7}.Release|Any CPU.ActiveCfg = Release|Any CPU
		{E0A9C692-930D-487F-8784-F315CD6433F7}.Release|Any CPU.Build.0 = Release|Any CPU
		{6AFCD685-C062-49CA-90D2-46BE066698A0}.Debug|Any CPU.ActiveCfg = Debug|Any CPU
		{6AFCD685-C062-49CA-90D2-46BE066698A0}.Debug|Any CPU.Build.0 = Debug|Any CPU
		{6AFCD685-C062-49CA-90D2-46BE066698A0}.Release|Any CPU.ActiveCfg = Release|Any CPU
		{6AFCD685-C062-49CA-90D2-46BE066698A0}.Release|Any CPU.Build.0 = Release|Any CPU
		{A706C850-CC1D-4951-AAEB-555ECBACBBB6}.Debug|Any CPU.ActiveCfg = Debug|Any CPU
		{A706C850-CC1D-4951-AAEB-555ECBACBBB6}.Debug|Any CPU.Build.0 = Debug|Any CPU
		{A706C850-CC1D-4951-AAEB-555ECBACBBB6}.Release|Any CPU.ActiveCfg = Release|Any CPU
		{A706C850-CC1D-4951-AAEB-555ECBACBBB6}.Release|Any CPU.Build.0 = Release|Any CPU
	EndGlobalSection
	GlobalSection(SolutionProperties) = preSolution
		HideSolutionNode = FALSE
	EndGlobalSection
	GlobalSection(ExtensibilityGlobals) = postSolution
		SolutionGuid = {137FAF66-2630-4C9C-A1DE-CCC4658FC81D}
	EndGlobalSection
EndGlobal
